{
  "name": "ecommerce-FT10-G2",
  "lockfileVersion": 2,
  "requires": true,
  "packages": {
    "": {
      "dependencies": {
        "countries-list": "^2.6.1"
      }
    },
    "node_modules/countries-list": {
      "version": "2.6.1",
      "resolved": "https://registry.npmjs.org/countries-list/-/countries-list-2.6.1.tgz",
      "integrity": "sha512-jXM1Nv3U56dPQ1DsUSsEaGmLHburo4fnB7m+1yhWDUVvx5gXCd1ok/y3gXCjXzhqyawG+igcPYcAl4qjkvopaQ=="
    }
  },
  "dependencies": {
    "countries-list": {
      "version": "2.6.1",
      "resolved": "https://registry.npmjs.org/countries-list/-/countries-list-2.6.1.tgz",
      "integrity": "sha512-jXM1Nv3U56dPQ1DsUSsEaGmLHburo4fnB7m+1yhWDUVvx5gXCd1ok/y3gXCjXzhqyawG+igcPYcAl4qjkvopaQ=="
    }
  }
}
